
Microsoft Visual Studio Solution File, Format Version 12.00
# Visual Studio Version 16
VisualStudioVersion = 16.0.28803.452
MinimumVisualStudioVersion = 10.0.40219.1
Project("{FAE04EC0-301F-11D3-BF4B-00C04F79EFBC}") = "Enigma 2", "Enigma 2.csproj", "{01E8FA1C-8B2B-44D4-B22A-61D0E127D1DC}"
EndProject
Global
	GlobalSection(SolutionConfigurationPlatforms) = preSolution
		Debug|Any CPU = Debug|Any CPU
		Release|Any CPU = Release|Any CPU
	EndGlobalSection
	GlobalSection(ProjectConfigurationPlatforms) = postSolution
		{01E8FA1C-8B2B-44D4-B22A-61D0E127D1DC}.Debug|Any CPU.ActiveCfg = Debug|Any CPU
		{01E8FA1C-8B2B-44D4-B22A-61D0E127D1DC}.Debug|Any CPU.Build.0 = Debug|Any CPU
		{01E8FA1C-8B2B-44D4-B22A-61D0E127D1DC}.Release|Any CPU.ActiveCfg = Release|Any CPU
		{01E8FA1C-8B2B-44D4-B22A-61D0E127D1DC}.Release|Any CPU.Build.0 = Release|Any CPU
	EndGlobalSection
	GlobalSection(SolutionProperties) = preSolution
		HideSolutionNode = FALSE
	EndGlobalSection
	GlobalSection(ExtensibilityGlobals) = postSolution
		SolutionGuid = {40F4578A-EF6E-4532-B7F1-997EEF16AC3D}
	EndGlobalSection
EndGlobal
